// !$*UTF8*$!
{
	archiveVersion = 1;
	classes = {
	};
	objectVersion = 56;
	objects = {

/* Begin PBXBuildFile section */
		A62625E02AE148CA009F0080 /* SUPotifyMobileApp.swift in Sources */ = {isa = PBXBuildFile; fileRef = A62625DF2AE148CA009F0080 /* SUPotifyMobileApp.swift */; };
		A62625E22AE148CA009F0080 /* ContentView.swift in Sources */ = {isa = PBXBuildFile; fileRef = A62625E12AE148CA009F0080 /* ContentView.swift */; };
		A62625E42AE148CA009F0080 /* Assets.xcassets in Resources */ = {isa = PBXBuildFile; fileRef = A62625E32AE148CA009F0080 /* Assets.xcassets */; };
		A62625E82AE148CA009F0080 /* Preview Assets.xcassets in Resources */ = {isa = PBXBuildFile; fileRef = A62625E72AE148CA009F0080 /* Preview Assets.xcassets */; };
		A62625F22AE148CB009F0080 /* SUPotify_MobileTests.swift in Sources */ = {isa = PBXBuildFile; fileRef = A62625F12AE148CB009F0080 /* SUPotify_MobileTests.swift */; };
		A62625FC2AE148CB009F0080 /* SUPotify_MobileUITests.swift in Sources */ = {isa = PBXBuildFile; fileRef = A62625FB2AE148CB009F0080 /* SUPotify_MobileUITests.swift */; };
		A62625FE2AE148CB009F0080 /* SUPotify_MobileUITestsLaunchTests.swift in Sources */ = {isa = PBXBuildFile; fileRef = A62625FD2AE148CB009F0080 /* SUPotify_MobileUITestsLaunchTests.swift */; };
		A626260F2AEFD8C0009F0080 /* LoginView.swift in Sources */ = {isa = PBXBuildFile; fileRef = A626260E2AEFD8C0009F0080 /* LoginView.swift */; };
		A62626112AF0532F009F0080 /* SignUpView.swift in Sources */ = {isa = PBXBuildFile; fileRef = A62626102AF0532F009F0080 /* SignUpView.swift */; };
		B82C84912AED6217000E31FA /* MainPage.swift in Sources */ = {isa = PBXBuildFile; fileRef = B82C84902AED6217000E31FA /* MainPage.swift */; };
		B837D4E72AF3851800880F3A /* Profile.swift in Sources */ = {isa = PBXBuildFile; fileRef = B837D4E62AF3851800880F3A /* Profile.swift */; };
/* End PBXBuildFile section */

/* Begin PBXContainerItemProxy section */
		A62625EE2AE148CB009F0080 /* PBXContainerItemProxy */ = {
			isa = PBXContainerItemProxy;
			containerPortal = A62625D42AE148CA009F0080 /* Project object */;
			proxyType = 1;
			remoteGlobalIDString = A62625DB2AE148CA009F0080;
			remoteInfo = "Demo Swift";
		};
		A62625F82AE148CB009F0080 /* PBXContainerItemProxy */ = {
			isa = PBXContainerItemProxy;
			containerPortal = A62625D42AE148CA009F0080 /* Project object */;
			proxyType = 1;
			remoteGlobalIDString = A62625DB2AE148CA009F0080;
			remoteInfo = "Demo Swift";
		};
/* End PBXContainerItemProxy section */

/* Begin PBXFileReference section */
		A62625DC2AE148CA009F0080 /* SUPotify.app */ = {isa = PBXFileReference; explicitFileType = wrapper.application; includeInIndex = 0; path = SUPotify.app; sourceTree = BUILT_PRODUCTS_DIR; };
		A62625DF2AE148CA009F0080 /* SUPotifyMobileApp.swift */ = {isa = PBXFileReference; lastKnownFileType = sourcecode.swift; path = SUPotifyMobileApp.swift; sourceTree = "<group>"; };
		A62625E12AE148CA009F0080 /* ContentView.swift */ = {isa = PBXFileReference; lastKnownFileType = sourcecode.swift; path = ContentView.swift; sourceTree = "<group>"; };
		A62625E32AE148CA009F0080 /* Assets.xcassets */ = {isa = PBXFileReference; lastKnownFileType = folder.assetcatalog; path = Assets.xcassets; sourceTree = "<group>"; };
		A62625E52AE148CA009F0080 /* SUPotify_Mobile.entitlements */ = {isa = PBXFileReference; lastKnownFileType = text.plist.entitlements; path = SUPotify_Mobile.entitlements; sourceTree = "<group>"; };
		A62625E72AE148CA009F0080 /* Preview Assets.xcassets */ = {isa = PBXFileReference; lastKnownFileType = folder.assetcatalog; path = "Preview Assets.xcassets"; sourceTree = "<group>"; };
		A62625ED2AE148CB009F0080 /* SUPotify Mobile AppTests.xctest */ = {isa = PBXFileReference; explicitFileType = wrapper.cfbundle; includeInIndex = 0; path = "SUPotify Mobile AppTests.xctest"; sourceTree = BUILT_PRODUCTS_DIR; };
		A62625F12AE148CB009F0080 /* SUPotify_MobileTests.swift */ = {isa = PBXFileReference; lastKnownFileType = sourcecode.swift; path = SUPotify_MobileTests.swift; sourceTree = "<group>"; };
		A62625F72AE148CB009F0080 /* SUPotify Mobile AppUITests.xctest */ = {isa = PBXFileReference; explicitFileType = wrapper.cfbundle; includeInIndex = 0; path = "SUPotify Mobile AppUITests.xctest"; sourceTree = BUILT_PRODUCTS_DIR; };
		A62625FB2AE148CB009F0080 /* SUPotify_MobileUITests.swift */ = {isa = PBXFileReference; lastKnownFileType = sourcecode.swift; path = SUPotify_MobileUITests.swift; sourceTree = "<group>"; };
		A62625FD2AE148CB009F0080 /* SUPotify_MobileUITestsLaunchTests.swift */ = {isa = PBXFileReference; lastKnownFileType = sourcecode.swift; path = SUPotify_MobileUITestsLaunchTests.swift; sourceTree = "<group>"; };
		A626260E2AEFD8C0009F0080 /* LoginView.swift */ = {isa = PBXFileReference; lastKnownFileType = sourcecode.swift; path = LoginView.swift; sourceTree = "<group>"; };
		A62626102AF0532F009F0080 /* SignUpView.swift */ = {isa = PBXFileReference; lastKnownFileType = sourcecode.swift; path = SignUpView.swift; sourceTree = "<group>"; };
		B82C84902AED6217000E31FA /* MainPage.swift */ = {isa = PBXFileReference; lastKnownFileType = sourcecode.swift; path = MainPage.swift; sourceTree = "<group>"; };
		B837D4E62AF3851800880F3A /* Profile.swift */ = {isa = PBXFileReference; lastKnownFileType = sourcecode.swift; path = Profile.swift; sourceTree = "<group>"; };
/* End PBXFileReference section */

/* Begin PBXFrameworksBuildPhase section */
		A62625D92AE148CA009F0080 /* Frameworks */ = {
			isa = PBXFrameworksBuildPhase;
			buildActionMask = 2147483647;
			files = (
			);
			runOnlyForDeploymentPostprocessing = 0;
		};
		A62625EA2AE148CB009F0080 /* Frameworks */ = {
			isa = PBXFrameworksBuildPhase;
			buildActionMask = 2147483647;
			files = (
			);
			runOnlyForDeploymentPostprocessing = 0;
		};
		A62625F42AE148CB009F0080 /* Frameworks */ = {
			isa = PBXFrameworksBuildPhase;
			buildActionMask = 2147483647;
			files = (
			);
			runOnlyForDeploymentPostprocessing = 0;
		};
/* End PBXFrameworksBuildPhase section */

/* Begin PBXGroup section */
		A62625D32AE148CA009F0080 = {
			isa = PBXGroup;
			children = (
				A62625DE2AE148CA009F0080 /* SUPotify Mobile */,
				A62625F02AE148CB009F0080 /* SUPotify MobileTests */,
				A62625FA2AE148CB009F0080 /* SUPotify MobileUITests */,
				A62625DD2AE148CA009F0080 /* Products */,
			);
			sourceTree = "<group>";
		};
		A62625DD2AE148CA009F0080 /* Products */ = {
			isa = PBXGroup;
			children = (
				A62625DC2AE148CA009F0080 /* SUPotify.app */,
				A62625ED2AE148CB009F0080 /* SUPotify Mobile AppTests.xctest */,
				A62625F72AE148CB009F0080 /* SUPotify Mobile AppUITests.xctest */,
			);
			name = Products;
			sourceTree = "<group>";
		};
		A62625DE2AE148CA009F0080 /* SUPotify Mobile */ = {
			isa = PBXGroup;
			children = (
				A62625DF2AE148CA009F0080 /* SUPotifyMobileApp.swift */,
				A62625E12AE148CA009F0080 /* ContentView.swift */,
				B82C84902AED6217000E31FA /* MainPage.swift */,
				A626260E2AEFD8C0009F0080 /* LoginView.swift */,
				A62626102AF0532F009F0080 /* SignUpView.swift */,
				A62625E52AE148CA009F0080 /* SUPotify_Mobile.entitlements */,
				A62625E32AE148CA009F0080 /* Assets.xcassets */,
				A62625E62AE148CA009F0080 /* Preview Content */,
				B837D4E62AF3851800880F3A /* Profile.swift */,
			);
			path = "SUPotify Mobile";
			sourceTree = "<group>";
		};
		A62625E62AE148CA009F0080 /* Preview Content */ = {
			isa = PBXGroup;
			children = (
				A62625E72AE148CA009F0080 /* Preview Assets.xcassets */,
			);
			path = "Preview Content";
			sourceTree = "<group>";
		};
		A62625F02AE148CB009F0080 /* SUPotify MobileTests */ = {
			isa = PBXGroup;
			children = (
				A62625F12AE148CB009F0080 /* SUPotify_MobileTests.swift */,
			);
			path = "SUPotify MobileTests";
			sourceTree = "<group>";
		};
		A62625FA2AE148CB009F0080 /* SUPotify MobileUITests */ = {
			isa = PBXGroup;
			children = (
				A62625FB2AE148CB009F0080 /* SUPotify_MobileUITests.swift */,
				A62625FD2AE148CB009F0080 /* SUPotify_MobileUITestsLaunchTests.swift */,
			);
			path = "SUPotify MobileUITests";
			sourceTree = "<group>";
		};
/* End PBXGroup section */

/* Begin PBXNativeTarget section */
		A62625DB2AE148CA009F0080 /* SUPotify Mobile App */ = {
			isa = PBXNativeTarget;
			buildConfigurationList = A62626012AE148CB009F0080 /* Build configuration list for PBXNativeTarget "SUPotify Mobile App" */;
			buildPhases = (
				A62625D82AE148CA009F0080 /* Sources */,
				A62625D92AE148CA009F0080 /* Frameworks */,
				A62625DA2AE148CA009F0080 /* Resources */,
			);
			buildRules = (
			);
			dependencies = (
			);
			name = "SUPotify Mobile App";
			productName = "Demo Swift";
			productReference = A62625DC2AE148CA009F0080 /* SUPotify.app */;
			productType = "com.apple.product-type.application";
		};
		A62625EC2AE148CB009F0080 /* SUPotify Mobile AppTests */ = {
			isa = PBXNativeTarget;
			buildConfigurationList = A62626042AE148CB009F0080 /* Build configuration list for PBXNativeTarget "SUPotify Mobile AppTests" */;
			buildPhases = (
				A62625E92AE148CB009F0080 /* Sources */,
				A62625EA2AE148CB009F0080 /* Frameworks */,
				A62625EB2AE148CB009F0080 /* Resources */,
			);
			buildRules = (
			);
			dependencies = (
				A62625EF2AE148CB009F0080 /* PBXTargetDependency */,
			);
			name = "SUPotify Mobile AppTests";
			productName = "Demo SwiftTests";
			productReference = A62625ED2AE148CB009F0080 /* SUPotify Mobile AppTests.xctest */;
			productType = "com.apple.product-type.bundle.unit-test";
		};
		A62625F62AE148CB009F0080 /* SUPotify Mobile AppUITests */ = {
			isa = PBXNativeTarget;
			buildConfigurationList = A62626072AE148CB009F0080 /* Build configuration list for PBXNativeTarget "SUPotify Mobile AppUITests" */;
			buildPhases = (
				A62625F32AE148CB009F0080 /* Sources */,
				A62625F42AE148CB009F0080 /* Frameworks */,
				A62625F52AE148CB009F0080 /* Resources */,
			);
			buildRules = (
			);
			dependencies = (
				A62625F92AE148CB009F0080 /* PBXTargetDependency */,
			);
			name = "SUPotify Mobile AppUITests";
			productName = "Demo SwiftUITests";
			productReference = A62625F72AE148CB009F0080 /* SUPotify Mobile AppUITests.xctest */;
			productType = "com.apple.product-type.bundle.ui-testing";
		};
/* End PBXNativeTarget section */

/* Begin PBXProject section */
		A62625D42AE148CA009F0080 /* Project object */ = {
			isa = PBXProject;
			attributes = {
				BuildIndependentTargetsInParallel = 1;
				LastSwiftUpdateCheck = 1500;
				LastUpgradeCheck = 1500;
				TargetAttributes = {
					A62625DB2AE148CA009F0080 = {
						CreatedOnToolsVersion = 15.0.1;
					};
					A62625EC2AE148CB009F0080 = {
						CreatedOnToolsVersion = 15.0.1;
						TestTargetID = A62625DB2AE148CA009F0080;
					};
					A62625F62AE148CB009F0080 = {
						CreatedOnToolsVersion = 15.0.1;
						TestTargetID = A62625DB2AE148CA009F0080;
					};
				};
			};
			buildConfigurationList = A62625D72AE148CA009F0080 /* Build configuration list for PBXProject "SUPotify Mobile App" */;
			compatibilityVersion = "Xcode 14.0";
			developmentRegion = en;
			hasScannedForEncodings = 0;
			knownRegions = (
				en,
				Base,
			);
			mainGroup = A62625D32AE148CA009F0080;
			productRefGroup = A62625DD2AE148CA009F0080 /* Products */;
			projectDirPath = "";
			projectRoot = "";
			targets = (
				A62625DB2AE148CA009F0080 /* SUPotify Mobile App */,
				A62625EC2AE148CB009F0080 /* SUPotify Mobile AppTests */,
				A62625F62AE148CB009F0080 /* SUPotify Mobile AppUITests */,
			);
		};
/* End PBXProject section */

/* Begin PBXResourcesBuildPhase section */
		A62625DA2AE148CA009F0080 /* Resources */ = {
			isa = PBXResourcesBuildPhase;
			buildActionMask = 2147483647;
			files = (
				A62625E82AE148CA009F0080 /* Preview Assets.xcassets in Resources */,
				A62625E42AE148CA009F0080 /* Assets.xcassets in Resources */,
			);
			runOnlyForDeploymentPostprocessing = 0;
		};
		A62625EB2AE148CB009F0080 /* Resources */ = {
			isa = PBXResourcesBuildPhase;
			buildActionMask = 2147483647;
			files = (
			);
			runOnlyForDeploymentPostprocessing = 0;
		};
		A62625F52AE148CB009F0080 /* Resources */ = {
			isa = PBXResourcesBuildPhase;
			buildActionMask = 2147483647;
			files = (
			);
			runOnlyForDeploymentPostprocessing = 0;
		};
/* End PBXResourcesBuildPhase section */

/* Begin PBXSourcesBuildPhase section */
		A62625D82AE148CA009F0080 /* Sources */ = {
			isa = PBXSourcesBuildPhase;
			buildActionMask = 2147483647;
			files = (
				A62625E22AE148CA009F0080 /* ContentView.swift in Sources */,
				B837D4E72AF3851800880F3A /* Profile.swift in Sources */,
				A62626112AF0532F009F0080 /* SignUpView.swift in Sources */,
				A62625E02AE148CA009F0080 /* SUPotifyMobileApp.swift in Sources */,
				A626260F2AEFD8C0009F0080 /* LoginView.swift in Sources */,
				B82C84912AED6217000E31FA /* MainPage.swift in Sources */,
			);
			runOnlyForDeploymentPostprocessing = 0;
		};
		A62625E92AE148CB009F0080 /* Sources */ = {
			isa = PBXSourcesBuildPhase;
			buildActionMask = 2147483647;
			files = (
				A62625F22AE148CB009F0080 /* SUPotify_MobileTests.swift in Sources */,
			);
			runOnlyForDeploymentPostprocessing = 0;
		};
		A62625F32AE148CB009F0080 /* Sources */ = {
			isa = PBXSourcesBuildPhase;
			buildActionMask = 2147483647;
			files = (
				A62625FC2AE148CB009F0080 /* SUPotify_MobileUITests.swift in Sources */,
				A62625FE2AE148CB009F0080 /* SUPotify_MobileUITestsLaunchTests.swift in Sources */,
			);
			runOnlyForDeploymentPostprocessing = 0;
		};
/* End PBXSourcesBuildPhase section */

/* Begin PBXTargetDependency section */
		A62625EF2AE148CB009F0080 /* PBXTargetDependency */ = {
			isa = PBXTargetDependency;
			target = A62625DB2AE148CA009F0080 /* SUPotify Mobile App */;
			targetProxy = A62625EE2AE148CB009F0080 /* PBXContainerItemProxy */;
		};
		A62625F92AE148CB009F0080 /* PBXTargetDependency */ = {
			isa = PBXTargetDependency;
			target = A62625DB2AE148CA009F0080 /* SUPotify Mobile App */;
			targetProxy = A62625F82AE148CB009F0080 /* PBXContainerItemProxy */;
		};
/* End PBXTargetDependency section */

/* Begin XCBuildConfiguration section */
		A62625FF2AE148CB009F0080 /* Debug */ = {
			isa = XCBuildConfiguration;
			buildSettings = {
				ALWAYS_SEARCH_USER_PATHS = NO;
				ASSETCATALOG_COMPILER_GENERATE_SWIFT_ASSET_SYMBOL_EXTENSIONS = YES;
				CLANG_ANALYZER_NONNULL = YES;
				CLANG_ANALYZER_NUMBER_OBJECT_CONVERSION = YES_AGGRESSIVE;
				CLANG_CXX_LANGUAGE_STANDARD = "gnu++20";
				CLANG_ENABLE_MODULES = YES;
				CLANG_ENABLE_OBJC_ARC = YES;
				CLANG_ENABLE_OBJC_WEAK = YES;
				CLANG_WARN_BLOCK_CAPTURE_AUTORELEASING = YES;
				CLANG_WARN_BOOL_CONVERSION = YES;
				CLANG_WARN_COMMA = YES;
				CLANG_WARN_CONSTANT_CONVERSION = YES;
				CLANG_WARN_DEPRECATED_OBJC_IMPLEMENTATIONS = YES;
				CLANG_WARN_DIRECT_OBJC_ISA_USAGE = YES_ERROR;
				CLANG_WARN_DOCUMENTATION_COMMENTS = YES;
				CLANG_WARN_EMPTY_BODY = YES;
				CLANG_WARN_ENUM_CONVERSION = YES;
				CLANG_WARN_INFINITE_RECURSION = YES;
				CLANG_WARN_INT_CONVERSION = YES;
				CLANG_WARN_NON_LITERAL_NULL_CONVERSION = YES;
				CLANG_WARN_OBJC_IMPLICIT_RETAIN_SELF = YES;
				CLANG_WARN_OBJC_LITERAL_CONVERSION = YES;
				CLANG_WARN_OBJC_ROOT_CLASS = YES_ERROR;
				CLANG_WARN_QUOTED_INCLUDE_IN_FRAMEWORK_HEADER = YES;
				CLANG_WARN_RANGE_LOOP_ANALYSIS = YES;
				CLANG_WARN_STRICT_PROTOTYPES = YES;
				CLANG_WARN_SUSPICIOUS_MOVE = YES;
				CLANG_WARN_UNGUARDED_AVAILABILITY = YES_AGGRESSIVE;
				CLANG_WARN_UNREACHABLE_CODE = YES;
				CLANG_WARN__DUPLICATE_METHOD_MATCH = YES;
				COPY_PHASE_STRIP = NO;
				DEBUG_INFORMATION_FORMAT = dwarf;
				ENABLE_STRICT_OBJC_MSGSEND = YES;
				ENABLE_TESTABILITY = YES;
				ENABLE_USER_SCRIPT_SANDBOXING = YES;
				GCC_C_LANGUAGE_STANDARD = gnu17;
				GCC_DYNAMIC_NO_PIC = NO;
				GCC_NO_COMMON_BLOCKS = YES;
				GCC_OPTIMIZATION_LEVEL = 0;
				GCC_PREPROCESSOR_DEFINITIONS = (
					"DEBUG=1",
					"$(inherited)",
				);
				GCC_WARN_64_TO_32_BIT_CONVERSION = YES;
				GCC_WARN_ABOUT_RETURN_TYPE = YES_ERROR;
				GCC_WARN_UNDECLARED_SELECTOR = YES;
				GCC_WARN_UNINITIALIZED_AUTOS = YES_AGGRESSIVE;
				GCC_WARN_UNUSED_FUNCTION = YES;
				GCC_WARN_UNUSED_VARIABLE = YES;
				LOCALIZATION_PREFERS_STRING_CATALOGS = YES;
				MTL_ENABLE_DEBUG_INFO = INCLUDE_SOURCE;
				MTL_FAST_MATH = YES;
				ONLY_ACTIVE_ARCH = YES;
				SWIFT_ACTIVE_COMPILATION_CONDITIONS = "DEBUG $(inherited)";
				SWIFT_OPTIMIZATION_LEVEL = "-Onone";
			};
			name = Debug;
		};
		A62626002AE148CB009F0080 /* Release */ = {
			isa = XCBuildConfiguration;
			buildSettings = {
				ALWAYS_SEARCH_USER_PATHS = NO;
				ASSETCATALOG_COMPILER_GENERATE_SWIFT_ASSET_SYMBOL_EXTENSIONS = YES;
				CLANG_ANALYZER_NONNULL = YES;
				CLANG_ANALYZER_NUMBER_OBJECT_CONVERSION = YES_AGGRESSIVE;
				CLANG_CXX_LANGUAGE_STANDARD = "gnu++20";
				CLANG_ENABLE_MODULES = YES;
				CLANG_ENABLE_OBJC_ARC = YES;
				CLANG_ENABLE_OBJC_WEAK = YES;
				CLANG_WARN_BLOCK_CAPTURE_AUTORELEASING = YES;
				CLANG_WARN_BOOL_CONVERSION = YES;
				CLANG_WARN_COMMA = YES;
				CLANG_WARN_CONSTANT_CONVERSION = YES;
				CLANG_WARN_DEPRECATED_OBJC_IMPLEMENTATIONS = YES;
				CLANG_WARN_DIRECT_OBJC_ISA_USAGE = YES_ERROR;
				CLANG_WARN_DOCUMENTATION_COMMENTS = YES;
				CLANG_WARN_EMPTY_BODY = YES;
				CLANG_WARN_ENUM_CONVERSION = YES;
				CLANG_WARN_INFINITE_RECURSION = YES;
				CLANG_WARN_INT_CONVERSION = YES;
				CLANG_WARN_NON_LITERAL_NULL_CONVERSION = YES;
				CLANG_WARN_OBJC_IMPLICIT_RETAIN_SELF = YES;
				CLANG_WARN_OBJC_LITERAL_CONVERSION = YES;
				CLANG_WARN_OBJC_ROOT_CLASS = YES_ERROR;
				CLANG_WARN_QUOTED_INCLUDE_IN_FRAMEWORK_HEADER = YES;
				CLANG_WARN_RANGE_LOOP_ANALYSIS = YES;
				CLANG_WARN_STRICT_PROTOTYPES = YES;
				CLANG_WARN_SUSPICIOUS_MOVE = YES;
				CLANG_WARN_UNGUARDED_AVAILABILITY = YES_AGGRESSIVE;
				CLANG_WARN_UNREACHABLE_CODE = YES;
				CLANG_WARN__DUPLICATE_METHOD_MATCH = YES;
				COPY_PHASE_STRIP = NO;
				DEBUG_INFORMATION_FORMAT = "dwarf-with-dsym";
				ENABLE_NS_ASSERTIONS = NO;
				ENABLE_STRICT_OBJC_MSGSEND = YES;
				ENABLE_USER_SCRIPT_SANDBOXING = YES;
				GCC_C_LANGUAGE_STANDARD = gnu17;
				GCC_NO_COMMON_BLOCKS = YES;
				GCC_WARN_64_TO_32_BIT_CONVERSION = YES;
				GCC_WARN_ABOUT_RETURN_TYPE = YES_ERROR;
				GCC_WARN_UNDECLARED_SELECTOR = YES;
				GCC_WARN_UNINITIALIZED_AUTOS = YES_AGGRESSIVE;
				GCC_WARN_UNUSED_FUNCTION = YES;
				GCC_WARN_UNUSED_VARIABLE = YES;
				LOCALIZATION_PREFERS_STRING_CATALOGS = YES;
				MTL_ENABLE_DEBUG_INFO = NO;
				MTL_FAST_MATH = YES;
				SWIFT_COMPILATION_MODE = wholemodule;
			};
			name = Release;
		};
		A62626022AE148CB009F0080 /* Debug */ = {
			isa = XCBuildConfiguration;
			buildSettings = {
				ASSETCATALOG_COMPILER_APPICON_NAME = AppIcon;
				ASSETCATALOG_COMPILER_GLOBAL_ACCENT_COLOR_NAME = AccentColor;
				CODE_SIGN_ENTITLEMENTS = "SUPotify Mobile/SUPotify_Mobile.entitlements";
				CODE_SIGN_STYLE = Automatic;
				CURRENT_PROJECT_VERSION = 1;
				DEVELOPMENT_ASSET_PATHS = "\"SUPotify Mobile/Preview Content\"";
				ENABLE_PREVIEWS = YES;
				GENERATE_INFOPLIST_FILE = YES;
				"INFOPLIST_KEY_UIApplicationSceneManifest_Generation[sdk=iphoneos*]" = YES;
				"INFOPLIST_KEY_UIApplicationSceneManifest_Generation[sdk=iphonesimulator*]" = YES;
				"INFOPLIST_KEY_UIApplicationSupportsIndirectInputEvents[sdk=iphoneos*]" = YES;
				"INFOPLIST_KEY_UIApplicationSupportsIndirectInputEvents[sdk=iphonesimulator*]" = YES;
				"INFOPLIST_KEY_UILaunchScreen_Generation[sdk=iphoneos*]" = YES;
				"INFOPLIST_KEY_UILaunchScreen_Generation[sdk=iphonesimulator*]" = YES;
				"INFOPLIST_KEY_UIStatusBarStyle[sdk=iphoneos*]" = UIStatusBarStyleDefault;
				"INFOPLIST_KEY_UIStatusBarStyle[sdk=iphonesimulator*]" = UIStatusBarStyleDefault;
				INFOPLIST_KEY_UISupportedInterfaceOrientations_iPad = "UIInterfaceOrientationPortrait UIInterfaceOrientationPortraitUpsideDown UIInterfaceOrientationLandscapeLeft UIInterfaceOrientationLandscapeRight";
				INFOPLIST_KEY_UISupportedInterfaceOrientations_iPhone = "UIInterfaceOrientationPortrait UIInterfaceOrientationLandscapeLeft UIInterfaceOrientationLandscapeRight";
				IPHONEOS_DEPLOYMENT_TARGET = 17.0;
				LD_RUNPATH_SEARCH_PATHS = "@executable_path/Frameworks";
				"LD_RUNPATH_SEARCH_PATHS[sdk=macosx*]" = "@executable_path/../Frameworks";
				MACOSX_DEPLOYMENT_TARGET = 14.0;
				MARKETING_VERSION = 1.0;
				PRODUCT_BUNDLE_IDENTIFIER = "doz.Demo-Swift";
				PRODUCT_NAME = SUPotify;
				SDKROOT = auto;
				SUPPORTED_PLATFORMS = "iphoneos iphonesimulator macosx";
				SWIFT_EMIT_LOC_STRINGS = YES;
				SWIFT_VERSION = 5.0;
				TARGETED_DEVICE_FAMILY = "1,2";
			};
			name = Debug;
		};
		A62626032AE148CB009F0080 /* Release */ = {
			isa = XCBuildConfiguration;
			buildSettings = {
				ASSETCATALOG_COMPILER_APPICON_NAME = AppIcon;
				ASSETCATALOG_COMPILER_GLOBAL_ACCENT_COLOR_NAME = AccentColor;
				CODE_SIGN_ENTITLEMENTS = "SUPotify Mobile/SUPotify_Mobile.entitlements";
				CODE_SIGN_STYLE = Automatic;
				CURRENT_PROJECT_VERSION = 1;
				DEVELOPMENT_ASSET_PATHS = "\"SUPotify Mobile/Preview Content\"";
				ENABLE_PREVIEWS = YES;
				GENERATE_INFOPLIST_FILE = YES;
				"INFOPLIST_KEY_UIApplicationSceneManifest_Generation[sdk=iphoneos*]" = YES;
				"INFOPLIST_KEY_UIApplicationSceneManifest_Generation[sdk=iphonesimulator*]" = YES;
				"INFOPLIST_KEY_UIApplicationSupportsIndirectInputEvents[sdk=iphoneos*]" = YES;
				"INFOPLIST_KEY_UIApplicationSupportsIndirectInputEvents[sdk=iphonesimulator*]" = YES;
				"INFOPLIST_KEY_UILaunchScreen_Generation[sdk=iphoneos*]" = YES;
				"INFOPLIST_KEY_UILaunchScreen_Generation[sdk=iphonesimulator*]" = YES;
				"INFOPLIST_KEY_UIStatusBarStyle[sdk=iphoneos*]" = UIStatusBarStyleDefault;
				"INFOPLIST_KEY_UIStatusBarStyle[sdk=iphonesimulator*]" = UIStatusBarStyleDefault;
				INFOPLIST_KEY_UISupportedInterfaceOrientations_iPad = "UIInterfaceOrientationPortrait UIInterfaceOrientationPortraitUpsideDown UIInterfaceOrientationLandscapeLeft UIInterfaceOrientationLandscapeRight";
				INFOPLIST_KEY_UISupportedInterfaceOrientations_iPhone = "UIInterfaceOrientationPortrait UIInterfaceOrientationLandscapeLeft UIInterfaceOrientationLandscapeRight";
				IPHONEOS_DEPLOYMENT_TARGET = 17.0;
				LD_RUNPATH_SEARCH_PATHS = "@executable_path/Frameworks";
				"LD_RUNPATH_SEARCH_PATHS[sdk=macosx*]" = "@executable_path/../Frameworks";
				MACOSX_DEPLOYMENT_TARGET = 14.0;
				MARKETING_VERSION = 1.0;
				PRODUCT_BUNDLE_IDENTIFIER = "doz.Demo-Swift";
				PRODUCT_NAME = SUPotify;
				SDKROOT = auto;
				SUPPORTED_PLATFORMS = "iphoneos iphonesimulator macosx";
				SWIFT_EMIT_LOC_STRINGS = YES;
				SWIFT_VERSION = 5.0;
				TARGETED_DEVICE_FAMILY = "1,2";
			};
			name = Release;
		};
		A62626052AE148CB009F0080 /* Debug */ = {
			isa = XCBuildConfiguration;
			buildSettings = {
				ALWAYS_EMBED_SWIFT_STANDARD_LIBRARIES = YES;
				BUNDLE_LOADER = "$(TEST_HOST)";
				CODE_SIGN_STYLE = Automatic;
				CURRENT_PROJECT_VERSION = 1;
				GENERATE_INFOPLIST_FILE = YES;
				IPHONEOS_DEPLOYMENT_TARGET = 17.0;
				MACOSX_DEPLOYMENT_TARGET = 14.0;
				MARKETING_VERSION = 1.0;
				PRODUCT_BUNDLE_IDENTIFIER = "doz.Demo-SwiftTests";
				PRODUCT_NAME = "$(TARGET_NAME)";
				SDKROOT = auto;
				SUPPORTED_PLATFORMS = "iphoneos iphonesimulator macosx";
				SWIFT_EMIT_LOC_STRINGS = NO;
				SWIFT_VERSION = 5.0;
				TARGETED_DEVICE_FAMILY = "1,2";
				TEST_HOST = "$(BUILT_PRODUCTS_DIR)/SUPotify Mobile App.app/$(BUNDLE_EXECUTABLE_FOLDER_PATH)/SUPotify Mobile App";
			};
			name = Debug;
		};
		A62626062AE148CB009F0080 /* Release */ = {
			isa = XCBuildConfiguration;
			buildSettings = {
				ALWAYS_EMBED_SWIFT_STANDARD_LIBRARIES = YES;
				BUNDLE_LOADER = "$(TEST_HOST)";
				CODE_SIGN_STYLE = Automatic;
				CURRENT_PROJECT_VERSION = 1;
				GENERATE_INFOPLIST_FILE = YES;
				IPHONEOS_DEPLOYMENT_TARGET = 17.0;
				MACOSX_DEPLOYMENT_TARGET = 14.0;
				MARKETING_VERSION = 1.0;
				PRODUCT_BUNDLE_IDENTIFIER = "doz.Demo-SwiftTests";
				PRODUCT_NAME = "$(TARGET_NAME)";
				SDKROOT = auto;
				SUPPORTED_PLATFORMS = "iphoneos iphonesimulator macosx";
				SWIFT_EMIT_LOC_STRINGS = NO;
				SWIFT_VERSION = 5.0;
				TARGETED_DEVICE_FAMILY = "1,2";
				TEST_HOST = "$(BUILT_PRODUCTS_DIR)/SUPotify Mobile App.app/$(BUNDLE_EXECUTABLE_FOLDER_PATH)/SUPotify Mobile App";
			};
			name = Release;
		};
		A62626082AE148CB009F0080 /* Debug */ = {
			isa = XCBuildConfiguration;
			buildSettings = {
				ALWAYS_EMBED_SWIFT_STANDARD_LIBRARIES = YES;
				CODE_SIGN_STYLE = Automatic;
				CURRENT_PROJECT_VERSION = 1;
				GENERATE_INFOPLIST_FILE = YES;
				IPHONEOS_DEPLOYMENT_TARGET = 17.0;
				MACOSX_DEPLOYMENT_TARGET = 14.0;
				MARKETING_VERSION = 1.0;
				PRODUCT_BUNDLE_IDENTIFIER = "doz.Demo-SwiftUITests";
				PRODUCT_NAME = "$(TARGET_NAME)";
				SDKROOT = auto;
				SUPPORTED_PLATFORMS = "iphoneos iphonesimulator macosx";
				SWIFT_EMIT_LOC_STRINGS = NO;
				SWIFT_VERSION = 5.0;
				TARGETED_DEVICE_FAMILY = "1,2";
				TEST_TARGET_NAME = "Demo Swift";
			};
			name = Debug;
		};
		A62626092AE148CB009F0080 /* Release */ = {
			isa = XCBuildConfiguration;
			buildSettings = {
				ALWAYS_EMBED_SWIFT_STANDARD_LIBRARIES = YES;
				CODE_SIGN_STYLE = Automatic;
				CURRENT_PROJECT_VERSION = 1;
				GENERATE_INFOPLIST_FILE = YES;
				IPHONEOS_DEPLOYMENT_TARGET = 17.0;
				MACOSX_DEPLOYMENT_TARGET = 14.0;
				MARKETING_VERSION = 1.0;
				PRODUCT_BUNDLE_IDENTIFIER = "doz.Demo-SwiftUITests";
				PRODUCT_NAME = "$(TARGET_NAME)";
				SDKROOT = auto;
				SUPPORTED_PLATFORMS = "iphoneos iphonesimulator macosx";
				SWIFT_EMIT_LOC_STRINGS = NO;
				SWIFT_VERSION = 5.0;
				TARGETED_DEVICE_FAMILY = "1,2";
				TEST_TARGET_NAME = "Demo Swift";
			};
			name = Release;
		};
/* End XCBuildConfiguration section */

/* Begin XCConfigurationList section */
		A62625D72AE148CA009F0080 /* Build configuration list for PBXProject "SUPotify Mobile App" */ = {
			isa = XCConfigurationList;
			buildConfigurations = (
				A62625FF2AE148CB009F0080 /* Debug */,
				A62626002AE148CB009F0080 /* Release */,
			);
			defaultConfigurationIsVisible = 0;
			defaultConfigurationName = Release;
		};
		A62626012AE148CB009F0080 /* Build configuration list for PBXNativeTarget "SUPotify Mobile App" */ = {
			isa = XCConfigurationList;
			buildConfigurations = (
				A62626022AE148CB009F0080 /* Debug */,
				A62626032AE148CB009F0080 /* Release */,
			);
			defaultConfigurationIsVisible = 0;
			defaultConfigurationName = Release;
		};
		A62626042AE148CB009F0080 /* Build configuration list for PBXNativeTarget "SUPotify Mobile AppTests" */ = {
			isa = XCConfigurationList;
			buildConfigurations = (
				A62626052AE148CB009F0080 /* Debug */,
				A62626062AE148CB009F0080 /* Release */,
			);
			defaultConfigurationIsVisible = 0;
			defaultConfigurationName = Release;
		};
		A62626072AE148CB009F0080 /* Build configuration list for PBXNativeTarget "SUPotify Mobile AppUITests" */ = {
			isa = XCConfigurationList;
			buildConfigurations = (
				A62626082AE148CB009F0080 /* Debug */,
				A62626092AE148CB009F0080 /* Release */,
			);
			defaultConfigurationIsVisible = 0;
			defaultConfigurationName = Release;
		};
/* End XCConfigurationList section */
	};
	rootObject = A62625D42AE148CA009F0080 /* Project object */;
}
